
Microsoft Visual Studio Solution File, Format Version 12.00
# Visual Studio 15
VisualStudioVersion = 15.0.28307.1082
MinimumVisualStudioVersion = 10.0.40219.1
Project("{FAE04EC0-301F-11D3-BF4B-00C04F79EFBC}") = "snakes-and-ladders", "snakes-and-ladders\snakes-and-ladders.csproj", "{0199E33B-E1D0-426B-B052-424AAEC868D8}"
EndProject
Global
	GlobalSection(SolutionConfigurationPlatforms) = preSolution
		Debug|Any CPU = Debug|Any CPU
		Release|Any CPU = Release|Any CPU
	EndGlobalSection
	GlobalSection(ProjectConfigurationPlatforms) = postSolution
		{0199E33B-E1D0-426B-B052-424AAEC868D8}.Debug|Any CPU.ActiveCfg = Debug|Any CPU
		{0199E33B-E1D0-426B-B052-424AAEC868D8}.Debug|Any CPU.Build.0 = Debug|Any CPU
		{0199E33B-E1D0-426B-B052-424AAEC868D8}.Release|Any CPU.ActiveCfg = Release|Any CPU
		{0199E33B-E1D0-426B-B052-424AAEC868D8}.Release|Any CPU.Build.0 = Release|Any CPU
	EndGlobalSection
	GlobalSection(SolutionProperties) = preSolution
		HideSolutionNode = FALSE
	EndGlobalSection
	GlobalSection(ExtensibilityGlobals) = postSolution
		SolutionGuid = {2BF756BA-8864-4A77-9346-199A5574312B}
	EndGlobalSection
EndGlobal
